
Microsoft Visual Studio Solution File, Format Version 12.00
# Visual Studio Version 17
VisualStudioVersion = 17.12.35707.178
MinimumVisualStudioVersion = 10.0.40219.1
Project("{FAE04EC0-301F-11D3-BF4B-00C04F79EFBC}") = "RayTracerRunner", "RayTracerRunner\RayTracerRunner.csproj", "{2518B9D9-81ED-4170-975E-B644C82211EE}"
EndProject
Project("{FAE04EC0-301F-11D3-BF4B-00C04F79EFBC}") = "RayTracerChallenge", "RayTracerChallenge\RayTracerChallenge.csproj", "{7F36B500-16DF-4C15-B8ED-DF0BD14F3CE2}"
EndProject
Project("{FAE04EC0-301F-11D3-BF4B-00C04F79EFBC}") = "RayTracerTest", "RayTracerTest\RayTracerTest.csproj", "{A5C8B035-E733-4675-90A4-9A77B4128A8C}"
EndProject
Global
	GlobalSection(SolutionConfigurationPlatforms) = preSolution
		Debug|Any CPU = Debug|Any CPU
		Release|Any CPU = Release|Any CPU
	EndGlobalSection
	GlobalSection(ProjectConfigurationPlatforms) = postSolution
		{2518B9D9-81ED-4170-975E-B644C82211EE}.Debug|Any CPU.ActiveCfg = Debug|Any CPU
		{2518B9D9-81ED-4170-975E-B644C82211EE}.Debug|Any CPU.Build.0 = Debug|Any CPU
		{2518B9D9-81ED-4170-975E-B644C82211EE}.Release|Any CPU.ActiveCfg = Release|Any CPU
		{2518B9D9-81ED-4170-975E-B644C82211EE}.Release|Any CPU.Build.0 = Release|Any CPU
		{7F36B500-16DF-4C15-B8ED-DF0BD14F3CE2}.Debug|Any CPU.ActiveCfg = Debug|Any CPU
		{7F36B500-16DF-4C15-B8ED-DF0BD14F3CE2}.Debug|Any CPU.Build.0 = Debug|Any CPU
		{7F36B500-16DF-4C15-B8ED-DF0BD14F3CE2}.Release|Any CPU.ActiveCfg = Release|Any CPU
		{7F36B500-16DF-4C15-B8ED-DF0BD14F3CE2}.Release|Any CPU.Build.0 = Release|Any CPU
		{A5C8B035-E733-4675-90A4-9A77B4128A8C}.Debug|Any CPU.ActiveCfg = Debug|Any CPU
		{A5C8B035-E733-4675-90A4-9A77B4128A8C}.Debug|Any CPU.Build.0 = Debug|Any CPU
		{A5C8B035-E733-4675-90A4-9A77B4128A8C}.Release|Any CPU.ActiveCfg = Release|Any CPU
		{A5C8B035-E733-4675-90A4-9A77B4128A8C}.Release|Any CPU.Build.0 = Release|Any CPU
	EndGlobalSection
	GlobalSection(SolutionProperties) = preSolution
		HideSolutionNode = FALSE
	EndGlobalSection
EndGlobal
